
Microsoft Visual Studio Solution File, Format Version 12.00
# Visual Studio 15
VisualStudioVersion = 15.0.27130.2024
MinimumVisualStudioVersion = 10.0.40219.1
Project("{8BC9CEB8-8B4A-11D0-8D11-00A0C91BC942}") = "CLRS_implementation", "CLRS_implementation\CLRS_implementation.vcxproj", "{5F2E01D6-202B-45F4-805C-09CB72D8C67B}"
EndProject
Global
	GlobalSection(SolutionConfigurationPlatforms) = preSolution
		Debug|x64 = Debug|x64
		Debug|x86 = Debug|x86
		Release|x64 = Release|x64
		Release|x86 = Release|x86
	EndGlobalSection
	GlobalSection(ProjectConfigurationPlatforms) = postSolution
		{5F2E01D6-202B-45F4-805C-09CB72D8C67B}.Debug|x64.ActiveCfg = Debug|x64
		{5F2E01D6-202B-45F4-805C-09CB72D8C67B}.Debug|x64.Build.0 = Debug|x64
		{5F2E01D6-202B-45F4-805C-09CB72D8C67B}.Debug|x86.ActiveCfg = Debug|Win32
		{5F2E01D6-202B-45F4-805C-09CB72D8C67B}.Debug|x86.Build.0 = Debug|Win32
		{5F2E01D6-202B-45F4-805C-09CB72D8C67B}.Release|x64.ActiveCfg = Release|x64
		{5F2E01D6-202B-45F4-805C-09CB72D8C67B}.Release|x64.Build.0 = Release|x64
		{5F2E01D6-202B-45F4-805C-09CB72D8C67B}.Release|x86.ActiveCfg = Release|Win32
		{5F2E01D6-202B-45F4-805C-09CB72D8C67B}.Release|x86.Build.0 = Release|Win32
	EndGlobalSection
	GlobalSection(SolutionProperties) = preSolution
		HideSolutionNode = FALSE
	EndGlobalSection
	GlobalSection(ExtensibilityGlobals) = postSolution
		SolutionGuid = {FF137BFF-266C-4624-A390-BFF84053BDEC}
	EndGlobalSection
EndGlobal
